
Microsoft Visual Studio Solution File, Format Version 12.00
# Visual Studio Version 16
VisualStudioVersion = 16.0.30907.101
MinimumVisualStudioVersion = 10.0.40219.1
Project("{8BC9CEB8-8B4A-11D0-8D11-00A0C91BC942}") = "Trees", "Trees\Trees.vcxproj", "{99C19F9A-4D53-4A3F-BE7E-054A67C4100C}"
EndProject
Global
	GlobalSection(SolutionConfigurationPlatforms) = preSolution
		Debug|x64 = Debug|x64
		Debug|x86 = Debug|x86
		Release|x64 = Release|x64
		Release|x86 = Release|x86
	EndGlobalSection
	GlobalSection(ProjectConfigurationPlatforms) = postSolution
		{99C19F9A-4D53-4A3F-BE7E-054A67C4100C}.Debug|x64.ActiveCfg = Debug|x64
		{99C19F9A-4D53-4A3F-BE7E-054A67C4100C}.Debug|x64.Build.0 = Debug|x64
		{99C19F9A-4D53-4A3F-BE7E-054A67C4100C}.Debug|x86.ActiveCfg = Debug|Win32
		{99C19F9A-4D53-4A3F-BE7E-054A67C4100C}.Debug|x86.Build.0 = Debug|Win32
		{99C19F9A-4D53-4A3F-BE7E-054A67C4100C}.Release|x64.ActiveCfg = Release|x64
		{99C19F9A-4D53-4A3F-BE7E-054A67C4100C}.Release|x64.Build.0 = Release|x64
		{99C19F9A-4D53-4A3F-BE7E-054A67C4100C}.Release|x86.ActiveCfg = Release|Win32
		{99C19F9A-4D53-4A3F-BE7E-054A67C4100C}.Release|x86.Build.0 = Release|Win32
	EndGlobalSection
	GlobalSection(SolutionProperties) = preSolution
		HideSolutionNode = FALSE
	EndGlobalSection
	GlobalSection(ExtensibilityGlobals) = postSolution
		SolutionGuid = {A9B424E2-F44C-4950-A73D-DAECEB0CDC57}
	EndGlobalSection
EndGlobal
