
Microsoft Visual Studio Solution File, Format Version 12.00
# Visual Studio Version 16
VisualStudioVersion = 16.0.30907.101
MinimumVisualStudioVersion = 10.0.40219.1
Project("{FAE04EC0-301F-11D3-BF4B-00C04F79EFBC}") = "AzureTableConsoleApp1", "AzureTableConsoleApp1\AzureTableConsoleApp1.csproj", "{A5C05979-05B9-439B-AB2F-6895452E228A}"
EndProject
Global
	GlobalSection(SolutionConfigurationPlatforms) = preSolution
		Debug|Any CPU = Debug|Any CPU
		Release|Any CPU = Release|Any CPU
	EndGlobalSection
	GlobalSection(ProjectConfigurationPlatforms) = postSolution
		{A5C05979-05B9-439B-AB2F-6895452E228A}.Debug|Any CPU.ActiveCfg = Debug|Any CPU
		{A5C05979-05B9-439B-AB2F-6895452E228A}.Debug|Any CPU.Build.0 = Debug|Any CPU
		{A5C05979-05B9-439B-AB2F-6895452E228A}.Release|Any CPU.ActiveCfg = Release|Any CPU
		{A5C05979-05B9-439B-AB2F-6895452E228A}.Release|Any CPU.Build.0 = Release|Any CPU
	EndGlobalSection
	GlobalSection(SolutionProperties) = preSolution
		HideSolutionNode = FALSE
	EndGlobalSection
	GlobalSection(ExtensibilityGlobals) = postSolution
		SolutionGuid = {8A61AA56-E545-479A-82DA-AE03BED237A0}
	EndGlobalSection
EndGlobal
