
Microsoft Visual Studio Solution File, Format Version 12.00
# Visual Studio Version 16
VisualStudioVersion = 16.0.30907.101
MinimumVisualStudioVersion = 10.0.40219.1
Project("{FAE04EC0-301F-11D3-BF4B-00C04F79EFBC}") = "az204akwebapp4", "az204akwebapp4\az204akwebapp4.csproj", "{523448CF-D8BB-4588-8356-2E5AD14A9D34}"
EndProject
Global
	GlobalSection(SolutionConfigurationPlatforms) = preSolution
		Debug|Any CPU = Debug|Any CPU
		Release|Any CPU = Release|Any CPU
	EndGlobalSection
	GlobalSection(ProjectConfigurationPlatforms) = postSolution
		{523448CF-D8BB-4588-8356-2E5AD14A9D34}.Debug|Any CPU.ActiveCfg = Debug|Any CPU
		{523448CF-D8BB-4588-8356-2E5AD14A9D34}.Debug|Any CPU.Build.0 = Debug|Any CPU
		{523448CF-D8BB-4588-8356-2E5AD14A9D34}.Release|Any CPU.ActiveCfg = Release|Any CPU
		{523448CF-D8BB-4588-8356-2E5AD14A9D34}.Release|Any CPU.Build.0 = Release|Any CPU
	EndGlobalSection
	GlobalSection(SolutionProperties) = preSolution
		HideSolutionNode = FALSE
	EndGlobalSection
	GlobalSection(ExtensibilityGlobals) = postSolution
		SolutionGuid = {C8274E41-81F2-4916-836D-13EF0BC8CD8E}
	EndGlobalSection
EndGlobal
