
Microsoft Visual Studio Solution File, Format Version 12.00
# Visual Studio Version 16
VisualStudioVersion = 16.0.30907.101
MinimumVisualStudioVersion = 10.0.40219.1
Project("{FAE04EC0-301F-11D3-BF4B-00C04F79EFBC}") = "CosmosDbConsoleApp", "CosmosDbConsoleApp\CosmosDbConsoleApp.csproj", "{AD9A6166-6FF9-4372-AF0C-5FA2C80059D8}"
EndProject
Global
	GlobalSection(SolutionConfigurationPlatforms) = preSolution
		Debug|Any CPU = Debug|Any CPU
		Release|Any CPU = Release|Any CPU
	EndGlobalSection
	GlobalSection(ProjectConfigurationPlatforms) = postSolution
		{AD9A6166-6FF9-4372-AF0C-5FA2C80059D8}.Debug|Any CPU.ActiveCfg = Debug|Any CPU
		{AD9A6166-6FF9-4372-AF0C-5FA2C80059D8}.Debug|Any CPU.Build.0 = Debug|Any CPU
		{AD9A6166-6FF9-4372-AF0C-5FA2C80059D8}.Release|Any CPU.ActiveCfg = Release|Any CPU
		{AD9A6166-6FF9-4372-AF0C-5FA2C80059D8}.Release|Any CPU.Build.0 = Release|Any CPU
	EndGlobalSection
	GlobalSection(SolutionProperties) = preSolution
		HideSolutionNode = FALSE
	EndGlobalSection
	GlobalSection(ExtensibilityGlobals) = postSolution
		SolutionGuid = {46E8AD84-A611-4713-AE5F-D7569E2D2842}
	EndGlobalSection
EndGlobal
