
Microsoft Visual Studio Solution File, Format Version 12.00
# Visual Studio Version 16
VisualStudioVersion = 16.0.30907.101
MinimumVisualStudioVersion = 10.0.40219.1
Project("{FAE04EC0-301F-11D3-BF4B-00C04F79EFBC}") = "AzureFunctionQueueStorage", "AzureFunctionQueueStorage\AzureFunctionQueueStorage.csproj", "{C9F35747-446D-4F8B-B051-046ECA2931DD}"
EndProject
Global
	GlobalSection(SolutionConfigurationPlatforms) = preSolution
		Debug|Any CPU = Debug|Any CPU
		Release|Any CPU = Release|Any CPU
	EndGlobalSection
	GlobalSection(ProjectConfigurationPlatforms) = postSolution
		{C9F35747-446D-4F8B-B051-046ECA2931DD}.Debug|Any CPU.ActiveCfg = Debug|Any CPU
		{C9F35747-446D-4F8B-B051-046ECA2931DD}.Debug|Any CPU.Build.0 = Debug|Any CPU
		{C9F35747-446D-4F8B-B051-046ECA2931DD}.Release|Any CPU.ActiveCfg = Release|Any CPU
		{C9F35747-446D-4F8B-B051-046ECA2931DD}.Release|Any CPU.Build.0 = Release|Any CPU
	EndGlobalSection
	GlobalSection(SolutionProperties) = preSolution
		HideSolutionNode = FALSE
	EndGlobalSection
	GlobalSection(ExtensibilityGlobals) = postSolution
		SolutionGuid = {E9FF8159-5BA3-4FCF-BAF1-ED07BE271E8C}
	EndGlobalSection
EndGlobal
